
Microsoft Visual Studio Solution File, Format Version 12.00
# Visual Studio Version 16
VisualStudioVersion = 16.0.31624.102
MinimumVisualStudioVersion = 10.0.40219.1
Project("{FAE04EC0-301F-11D3-BF4B-00C04F79EFBC}") = "Electronic cash machine", "Electronic cash machine\Electronic cash machine.csproj", "{9C829F52-4111-4C7D-91A7-5DF2A4330289}"
EndProject
Project("{54435603-DBB4-11D2-8724-00A0C9A8B90C}") = "Mashin", "Mashin\Mashin.vdproj", "{319014D9-C11F-4FA0-BA9B-85B8C05FE3DB}"
EndProject
Global
	GlobalSection(SolutionConfigurationPlatforms) = preSolution
		Debug|Any CPU = Debug|Any CPU
		Release|Any CPU = Release|Any CPU
	EndGlobalSection
	GlobalSection(ProjectConfigurationPlatforms) = postSolution
		{9C829F52-4111-4C7D-91A7-5DF2A4330289}.Debug|Any CPU.ActiveCfg = Debug|Any CPU
		{9C829F52-4111-4C7D-91A7-5DF2A4330289}.Debug|Any CPU.Build.0 = Debug|Any CPU
		{9C829F52-4111-4C7D-91A7-5DF2A4330289}.Release|Any CPU.ActiveCfg = Release|Any CPU
		{9C829F52-4111-4C7D-91A7-5DF2A4330289}.Release|Any CPU.Build.0 = Release|Any CPU
		{319014D9-C11F-4FA0-BA9B-85B8C05FE3DB}.Debug|Any CPU.ActiveCfg = Debug
		{319014D9-C11F-4FA0-BA9B-85B8C05FE3DB}.Release|Any CPU.ActiveCfg = Release
	EndGlobalSection
	GlobalSection(SolutionProperties) = preSolution
		HideSolutionNode = FALSE
	EndGlobalSection
	GlobalSection(ExtensibilityGlobals) = postSolution
		SolutionGuid = {F01B2E62-F5A3-42E1-8B3B-F3A8946C29C9}
	EndGlobalSection
EndGlobal
